
Microsoft Visual Studio Solution File, Format Version 12.00
# Visual Studio Version 16
VisualStudioVersion = 16.0.29728.190
MinimumVisualStudioVersion = 10.0.40219.1
Project("{FAE04EC0-301F-11D3-BF4B-00C04F79EFBC}") = "DataBindExample", "DataBindExample\DataBindExample.csproj", "{92178303-4AC1-4C36-9EF4-B06A9B313BEF}"
EndProject
Project("{FAE04EC0-301F-11D3-BF4B-00C04F79EFBC}") = "RentACar", "RentACar\RentACar.csproj", "{1D0E82FE-3B23-4FEA-99B6-5414C3ACE667}"
EndProject
Global
	GlobalSection(SolutionConfigurationPlatforms) = preSolution
		Debug|Any CPU = Debug|Any CPU
		Release|Any CPU = Release|Any CPU
	EndGlobalSection
	GlobalSection(ProjectConfigurationPlatforms) = postSolution
		{92178303-4AC1-4C36-9EF4-B06A9B313BEF}.Debug|Any CPU.ActiveCfg = Debug|Any CPU
		{92178303-4AC1-4C36-9EF4-B06A9B313BEF}.Debug|Any CPU.Build.0 = Debug|Any CPU
		{92178303-4AC1-4C36-9EF4-B06A9B313BEF}.Release|Any CPU.ActiveCfg = Release|Any CPU
		{92178303-4AC1-4C36-9EF4-B06A9B313BEF}.Release|Any CPU.Build.0 = Release|Any CPU
		{1D0E82FE-3B23-4FEA-99B6-5414C3ACE667}.Debug|Any CPU.ActiveCfg = Debug|Any CPU
		{1D0E82FE-3B23-4FEA-99B6-5414C3ACE667}.Debug|Any CPU.Build.0 = Debug|Any CPU
		{1D0E82FE-3B23-4FEA-99B6-5414C3ACE667}.Release|Any CPU.ActiveCfg = Release|Any CPU
		{1D0E82FE-3B23-4FEA-99B6-5414C3ACE667}.Release|Any CPU.Build.0 = Release|Any CPU
	EndGlobalSection
	GlobalSection(SolutionProperties) = preSolution
		HideSolutionNode = FALSE
	EndGlobalSection
	GlobalSection(ExtensibilityGlobals) = postSolution
		SolutionGuid = {D65ADC90-CDA4-4F7E-88B3-8B851C9829EA}
	EndGlobalSection
EndGlobal
